
Microsoft Visual Studio Solution File, Format Version 12.00
# Visual Studio Version 17
VisualStudioVersion = 17.7.34009.444
MinimumVisualStudioVersion = 10.0.40219.1
Project("{FAE04EC0-301F-11D3-BF4B-00C04F79EFBC}") = "SauceStorage", "SauceStorage\SauceStorage.csproj", "{15CA0554-2C35-4C4E-AFD5-06E2A61B0F68}"
EndProject
Global
	GlobalSection(SolutionConfigurationPlatforms) = preSolution
		Debug|Any CPU = Debug|Any CPU
		Release|Any CPU = Release|Any CPU
	EndGlobalSection
	GlobalSection(ProjectConfigurationPlatforms) = postSolution
		{15CA0554-2C35-4C4E-AFD5-06E2A61B0F68}.Debug|Any CPU.ActiveCfg = Debug|Any CPU
		{15CA0554-2C35-4C4E-AFD5-06E2A61B0F68}.Debug|Any CPU.Build.0 = Debug|Any CPU
		{15CA0554-2C35-4C4E-AFD5-06E2A61B0F68}.Release|Any CPU.ActiveCfg = Release|Any CPU
		{15CA0554-2C35-4C4E-AFD5-06E2A61B0F68}.Release|Any CPU.Build.0 = Release|Any CPU
	EndGlobalSection
	GlobalSection(SolutionProperties) = preSolution
		HideSolutionNode = FALSE
	EndGlobalSection
	GlobalSection(ExtensibilityGlobals) = postSolution
		SolutionGuid = {F5B882F1-7995-41CD-B547-42ED732AA229}
	EndGlobalSection
EndGlobal
